
Microsoft Visual Studio Solution File, Format Version 12.00
# Visual Studio 2012
Project("{FAE04EC0-301F-11D3-BF4B-00C04F79EFBC}") = "IP9212_switch2", "IP9212_switch2\IP9212_switch2.csproj", "{64308775-BD4A-469C-BCAB-3ED830B811AF}"
EndProject
Project("{FAE04EC0-301F-11D3-BF4B-00C04F79EFBC}") = "Test_Form", "TestForm\Test_Form.csproj", "{8E8D406C-1838-4914-867D-AB602D0EAF3E}"
	ProjectSection(ProjectDependencies) = postProject
		{64308775-BD4A-469C-BCAB-3ED830B811AF} = {64308775-BD4A-469C-BCAB-3ED830B811AF}
	EndProjectSection
EndProject
Project("{2150E333-8FDC-42A3-9474-1A3956D46DE8}") = "Solution Items", "Solution Items", "{5CCEF081-5A4D-4CA8-B793-795DD86D8788}"
EndProject
Project("{FAE04EC0-301F-11D3-BF4B-00C04F79EFBC}") = "TestAsyncForm", "WindowsFormsApplication1\TestAsyncForm.csproj", "{749CE155-3D82-4875-9807-A55CA9839B79}"
	ProjectSection(ProjectDependencies) = postProject
		{64308775-BD4A-469C-BCAB-3ED830B811AF} = {64308775-BD4A-469C-BCAB-3ED830B811AF}
	EndProjectSection
EndProject
Project("{FAE04EC0-301F-11D3-BF4B-00C04F79EFBC}") = "TestAsyncConsole", "ConsoleApplication1\TestAsyncConsole.csproj", "{34E7B314-2142-4122-8FCD-E6063B720AAD}"
	ProjectSection(ProjectDependencies) = postProject
		{64308775-BD4A-469C-BCAB-3ED830B811AF} = {64308775-BD4A-469C-BCAB-3ED830B811AF}
	EndProjectSection
EndProject
Global
	GlobalSection(SolutionConfigurationPlatforms) = preSolution
		Debug|Any CPU = Debug|Any CPU
		Debug|Mixed Platforms = Debug|Mixed Platforms
		Debug|x86 = Debug|x86
		Release|Any CPU = Release|Any CPU
		Release|Mixed Platforms = Release|Mixed Platforms
		Release|x86 = Release|x86
	EndGlobalSection
	GlobalSection(ProjectConfigurationPlatforms) = postSolution
		{64308775-BD4A-469C-BCAB-3ED830B811AF}.Debug|Any CPU.ActiveCfg = Debug|Any CPU
		{64308775-BD4A-469C-BCAB-3ED830B811AF}.Debug|Any CPU.Build.0 = Debug|Any CPU
		{64308775-BD4A-469C-BCAB-3ED830B811AF}.Debug|Mixed Platforms.ActiveCfg = Debug|Any CPU
		{64308775-BD4A-469C-BCAB-3ED830B811AF}.Debug|Mixed Platforms.Build.0 = Debug|Any CPU
		{64308775-BD4A-469C-BCAB-3ED830B811AF}.Debug|x86.ActiveCfg = Debug|Any CPU
		{64308775-BD4A-469C-BCAB-3ED830B811AF}.Release|Any CPU.ActiveCfg = Release|Any CPU
		{64308775-BD4A-469C-BCAB-3ED830B811AF}.Release|Any CPU.Build.0 = Release|Any CPU
		{64308775-BD4A-469C-BCAB-3ED830B811AF}.Release|Mixed Platforms.ActiveCfg = Release|Any CPU
		{64308775-BD4A-469C-BCAB-3ED830B811AF}.Release|Mixed Platforms.Build.0 = Release|Any CPU
		{64308775-BD4A-469C-BCAB-3ED830B811AF}.Release|x86.ActiveCfg = Release|Any CPU
		{8E8D406C-1838-4914-867D-AB602D0EAF3E}.Debug|Any CPU.ActiveCfg = Debug|x86
		{8E8D406C-1838-4914-867D-AB602D0EAF3E}.Debug|Mixed Platforms.ActiveCfg = Debug|x86
		{8E8D406C-1838-4914-867D-AB602D0EAF3E}.Debug|Mixed Platforms.Build.0 = Debug|x86
		{8E8D406C-1838-4914-867D-AB602D0EAF3E}.Debug|x86.ActiveCfg = Debug|x86
		{8E8D406C-1838-4914-867D-AB602D0EAF3E}.Debug|x86.Build.0 = Debug|x86
		{8E8D406C-1838-4914-867D-AB602D0EAF3E}.Release|Any CPU.ActiveCfg = Release|x86
		{8E8D406C-1838-4914-867D-AB602D0EAF3E}.Release|Mixed Platforms.ActiveCfg = Release|x86
		{8E8D406C-1838-4914-867D-AB602D0EAF3E}.Release|Mixed Platforms.Build.0 = Release|x86
		{8E8D406C-1838-4914-867D-AB602D0EAF3E}.Release|x86.ActiveCfg = Release|x86
		{8E8D406C-1838-4914-867D-AB602D0EAF3E}.Release|x86.Build.0 = Release|x86
		{749CE155-3D82-4875-9807-A55CA9839B79}.Debug|Any CPU.ActiveCfg = Debug|Any CPU
		{749CE155-3D82-4875-9807-A55CA9839B79}.Debug|Any CPU.Build.0 = Debug|Any CPU
		{749CE155-3D82-4875-9807-A55CA9839B79}.Debug|Mixed Platforms.ActiveCfg = Debug|Any CPU
		{749CE155-3D82-4875-9807-A55CA9839B79}.Debug|Mixed Platforms.Build.0 = Debug|Any CPU
		{749CE155-3D82-4875-9807-A55CA9839B79}.Debug|x86.ActiveCfg = Debug|Any CPU
		{749CE155-3D82-4875-9807-A55CA9839B79}.Release|Any CPU.ActiveCfg = Release|Any CPU
		{749CE155-3D82-4875-9807-A55CA9839B79}.Release|Any CPU.Build.0 = Release|Any CPU
		{749CE155-3D82-4875-9807-A55CA9839B79}.Release|Mixed Platforms.ActiveCfg = Release|Any CPU
		{749CE155-3D82-4875-9807-A55CA9839B79}.Release|Mixed Platforms.Build.0 = Release|Any CPU
		{749CE155-3D82-4875-9807-A55CA9839B79}.Release|x86.ActiveCfg = Release|Any CPU
		{34E7B314-2142-4122-8FCD-E6063B720AAD}.Debug|Any CPU.ActiveCfg = Debug|Any CPU
		{34E7B314-2142-4122-8FCD-E6063B720AAD}.Debug|Any CPU.Build.0 = Debug|Any CPU
		{34E7B314-2142-4122-8FCD-E6063B720AAD}.Debug|Mixed Platforms.ActiveCfg = Debug|Any CPU
		{34E7B314-2142-4122-8FCD-E6063B720AAD}.Debug|Mixed Platforms.Build.0 = Debug|Any CPU
		{34E7B314-2142-4122-8FCD-E6063B720AAD}.Debug|x86.ActiveCfg = Debug|Any CPU
		{34E7B314-2142-4122-8FCD-E6063B720AAD}.Release|Any CPU.ActiveCfg = Release|Any CPU
		{34E7B314-2142-4122-8FCD-E6063B720AAD}.Release|Any CPU.Build.0 = Release|Any CPU
		{34E7B314-2142-4122-8FCD-E6063B720AAD}.Release|Mixed Platforms.ActiveCfg = Release|Any CPU
		{34E7B314-2142-4122-8FCD-E6063B720AAD}.Release|Mixed Platforms.Build.0 = Release|Any CPU
		{34E7B314-2142-4122-8FCD-E6063B720AAD}.Release|x86.ActiveCfg = Release|Any CPU
	EndGlobalSection
	GlobalSection(SolutionProperties) = preSolution
		HideSolutionNode = FALSE
	EndGlobalSection
EndGlobal
